
Microsoft Visual Studio Solution File, Format Version 12.00
# Visual Studio Version 16
VisualStudioVersion = 16.0.30503.244
MinimumVisualStudioVersion = 10.0.40219.1
Project("{FAE04EC0-301F-11D3-BF4B-00C04F79EFBC}") = "RUAP_LV6", "RUAP_LV6\RUAP_LV6.csproj", "{1006DC69-2E93-4436-911B-AE32E6095441}"
EndProject
Global
	GlobalSection(SolutionConfigurationPlatforms) = preSolution
		Debug|Any CPU = Debug|Any CPU
		Release|Any CPU = Release|Any CPU
	EndGlobalSection
	GlobalSection(ProjectConfigurationPlatforms) = postSolution
		{1006DC69-2E93-4436-911B-AE32E6095441}.Debug|Any CPU.ActiveCfg = Debug|Any CPU
		{1006DC69-2E93-4436-911B-AE32E6095441}.Debug|Any CPU.Build.0 = Debug|Any CPU
		{1006DC69-2E93-4436-911B-AE32E6095441}.Release|Any CPU.ActiveCfg = Release|Any CPU
		{1006DC69-2E93-4436-911B-AE32E6095441}.Release|Any CPU.Build.0 = Release|Any CPU
	EndGlobalSection
	GlobalSection(SolutionProperties) = preSolution
		HideSolutionNode = FALSE
	EndGlobalSection
	GlobalSection(ExtensibilityGlobals) = postSolution
		SolutionGuid = {83CC6FBF-2EF8-4FFE-A7FF-A66D8C115A53}
	EndGlobalSection
EndGlobal
